// !$*UTF8*$!
{
	archiveVersion = 1;
	classes = {
	};
	objectVersion = 46;
	objects = {

/* Begin PBXBuildFile section */
		42CFFED51CAD9F3400D1BCC1 /* main.m in Sources */ = {isa = PBXBuildFile; fileRef = 42CFFED41CAD9F3400D1BCC1 /* main.m */; };
		42CFFED81CAD9F3400D1BCC1 /* AppDelegate.m in Sources */ = {isa = PBXBuildFile; fileRef = 42CFFED71CAD9F3400D1BCC1 /* AppDelegate.m */; };
		42CFFEDB1CAD9F3400D1BCC1 /* GameScene.m in Sources */ = {isa = PBXBuildFile; fileRef = 42CFFEDA1CAD9F3400D1BCC1 /* GameScene.m */; };
		42CFFEDD1CAD9F3400D1BCC1 /* GameScene.sks in Resources */ = {isa = PBXBuildFile; fileRef = 42CFFEDC1CAD9F3400D1BCC1 /* GameScene.sks */; };
		42CFFEE01CAD9F3400D1BCC1 /* GameViewController.m in Sources */ = {isa = PBXBuildFile; fileRef = 42CFFEDF1CAD9F3400D1BCC1 /* GameViewController.m */; };
		42CFFEE31CAD9F3400D1BCC1 /* Main.storyboard in Resources */ = {isa = PBXBuildFile; fileRef = 42CFFEE11CAD9F3400D1BCC1 /* Main.storyboard */; };
		42CFFEE51CAD9F3400D1BCC1 /* Assets.xcassets in Resources */ = {isa = PBXBuildFile; fileRef = 42CFFEE41CAD9F3400D1BCC1 /* Assets.xcassets */; };
		42CFFEE81CAD9F3400D1BCC1 /* LaunchScreen.storyboard in Resources */ = {isa = PBXBuildFile; fileRef = 42CFFEE61CAD9F3400D1BCC1 /* LaunchScreen.storyboard */; };
/* End PBXBuildFile section */

/* Begin PBXFileReference section */
		42CFFED01CAD9F3400D1BCC1 /* PingPong.app */ = {isa = PBXFileReference; explicitFileType = wrapper.application; includeInIndex = 0; path = PingPong.app; sourceTree = BUILT_PRODUCTS_DIR; };
		42CFFED41CAD9F3400D1BCC1 /* main.m */ = {isa = PBXFileReference; lastKnownFileType = sourcecode.c.objc; path = main.m; sourceTree = "<group>"; };
		42CFFED61CAD9F3400D1BCC1 /* AppDelegate.h */ = {isa = PBXFileReference; lastKnownFileType = sourcecode.c.h; path = AppDelegate.h; sourceTree = "<group>"; };
		42CFFED71CAD9F3400D1BCC1 /* AppDelegate.m */ = {isa = PBXFileReference; lastKnownFileType = sourcecode.c.objc; path = AppDelegate.m; sourceTree = "<group>"; };
		42CFFED91CAD9F3400D1BCC1 /* GameScene.h */ = {isa = PBXFileReference; lastKnownFileType = sourcecode.c.h; path = GameScene.h; sourceTree = "<group>"; };
		42CFFEDA1CAD9F3400D1BCC1 /* GameScene.m */ = {isa = PBXFileReference; lastKnownFileType = sourcecode.c.objc; path = GameScene.m; sourceTree = "<group>"; };
		42CFFEDC1CAD9F3400D1BCC1 /* GameScene.sks */ = {isa = PBXFileReference; lastKnownFileType = file.sks; path = GameScene.sks; sourceTree = "<group>"; };
		42CFFEDE1CAD9F3400D1BCC1 /* GameViewController.h */ = {isa = PBXFileReference; lastKnownFileType = sourcecode.c.h; path = GameViewController.h; sourceTree = "<group>"; };
		42CFFEDF1CAD9F3400D1BCC1 /* GameViewController.m */ = {isa = PBXFileReference; lastKnownFileType = sourcecode.c.objc; path = GameViewController.m; sourceTree = "<group>"; };
		42CFFEE21CAD9F3400D1BCC1 /* Base */ = {isa = PBXFileReference; lastKnownFileType = file.storyboard; name = Base; path = Base.lproj/Main.storyboard; sourceTree = "<group>"; };
		42CFFEE41CAD9F3400D1BCC1 /* Assets.xcassets */ = {isa = PBXFileReference; lastKnownFileType = folder.assetcatalog; path = Assets.xcassets; sourceTree = "<group>"; };
		42CFFEE71CAD9F3400D1BCC1 /* Base */ = {isa = PBXFileReference; lastKnownFileType = file.storyboard; name = Base; path = Base.lproj/LaunchScreen.storyboard; sourceTree = "<group>"; };
		42CFFEE91CAD9F3400D1BCC1 /* Info.plist */ = {isa = PBXFileReference; lastKnownFileType = text.plist.xml; path = Info.plist; sourceTree = "<group>"; };
/* End PBXFileReference section */

/* Begin PBXFrameworksBuildPhase section */
		42CFFECD1CAD9F3400D1BCC1 /* Frameworks */ = {
			isa = PBXFrameworksBuildPhase;
			buildActionMask = 2147483647;
			files = (
			);
			runOnlyForDeploymentPostprocessing = 0;
		};
/* End PBXFrameworksBuildPhase section */

/* Begin PBXGroup section */
		42CFFEC71CAD9F3400D1BCC1 = {
			isa = PBXGroup;
			children = (
				42CFFED21CAD9F3400D1BCC1 /* PingPong */,
				42CFFED11CAD9F3400D1BCC1 /* Products */,
			);
			sourceTree = "<group>";
		};
		42CFFED11CAD9F3400D1BCC1 /* Products */ = {
			isa = PBXGroup;
			children = (
				42CFFED01CAD9F3400D1BCC1 /* PingPong.app */,
			);
			name = Products;
			sourceTree = "<group>";
		};
		42CFFED21CAD9F3400D1BCC1 /* PingPong */ = {
			isa = PBXGroup;
			children = (
				42CFFED61CAD9F3400D1BCC1 /* AppDelegate.h */,
				42CFFED71CAD9F3400D1BCC1 /* AppDelegate.m */,
				42CFFED91CAD9F3400D1BCC1 /* GameScene.h */,
				42CFFEDA1CAD9F3400D1BCC1 /* GameScene.m */,
				42CFFEDC1CAD9F3400D1BCC1 /* GameScene.sks */,
				42CFFEDE1CAD9F3400D1BCC1 /* GameViewController.h */,
				42CFFEDF1CAD9F3400D1BCC1 /* GameViewController.m */,
				42CFFEE11CAD9F3400D1BCC1 /* Main.storyboard */,
				42CFFEE41CAD9F3400D1BCC1 /* Assets.xcassets */,
				42CFFEE61CAD9F3400D1BCC1 /* LaunchScreen.storyboard */,
				42CFFEE91CAD9F3400D1BCC1 /* Info.plist */,
				42CFFED31CAD9F3400D1BCC1 /* Supporting Files */,
			);
			path = PingPong;
			sourceTree = "<group>";
		};
		42CFFED31CAD9F3400D1BCC1 /* Supporting Files */ = {
			isa = PBXGroup;
			children = (
				42CFFED41CAD9F3400D1BCC1 /* main.m */,
			);
			name = "Supporting Files";
			sourceTree = "<group>";
		};
/* End PBXGroup section */

/* Begin PBXNativeTarget section */
		42CFFECF1CAD9F3400D1BCC1 /* PingPong */ = {
			isa = PBXNativeTarget;
			buildConfigurationList = 42CFFEEC1CAD9F3400D1BCC1 /* Build configuration list for PBXNativeTarget "PingPong" */;
			buildPhases = (
				42CFFECC1CAD9F3400D1BCC1 /* Sources */,
				42CFFECD1CAD9F3400D1BCC1 /* Frameworks */,
				42CFFECE1CAD9F3400D1BCC1 /* Resources */,
			);
			buildRules = (
			);
			dependencies = (
			);
			name = PingPong;
			productName = PingPong;
			productReference = 42CFFED01CAD9F3400D1BCC1 /* PingPong.app */;
			productType = "com.apple.product-type.application";
		};
/* End PBXNativeTarget section */

/* Begin PBXProject section */
		42CFFEC81CAD9F3400D1BCC1 /* Project object */ = {
			isa = PBXProject;
			attributes = {
				LastUpgradeCheck = 0730;
				ORGANIZATIONNAME = "Omar Faruqe";
				TargetAttributes = {
					42CFFECF1CAD9F3400D1BCC1 = {
						CreatedOnToolsVersion = 7.3;
						DevelopmentTeam = G922VPJ64L;
					};
				};
			};
			buildConfigurationList = 42CFFECB1CAD9F3400D1BCC1 /* Build configuration list for PBXProject "PingPong" */;
			compatibilityVersion = "Xcode 3.2";
			developmentRegion = English;
			hasScannedForEncodings = 0;
			knownRegions = (
				en,
				Base,
			);
			mainGroup = 42CFFEC71CAD9F3400D1BCC1;
			productRefGroup = 42CFFED11CAD9F3400D1BCC1 /* Products */;
			projectDirPath = "";
			projectRoot = "";
			targets = (
				42CFFECF1CAD9F3400D1BCC1 /* PingPong */,
			);
		};
/* End PBXProject section */

/* Begin PBXResourcesBuildPhase section */
		42CFFECE1CAD9F3400D1BCC1 /* Resources */ = {
			isa = PBXResourcesBuildPhase;
			buildActionMask = 2147483647;
			files = (
				42CFFEDD1CAD9F3400D1BCC1 /* GameScene.sks in Resources */,
				42CFFEE81CAD9F3400D1BCC1 /* LaunchScreen.storyboard in Resources */,
				42CFFEE51CAD9F3400D1BCC1 /* Assets.xcassets in Resources */,
				42CFFEE31CAD9F3400D1BCC1 /* Main.storyboard in Resources */,
			);
			runOnlyForDeploymentPostprocessing = 0;
		};
/* End PBXResourcesBuildPhase section */

/* Begin PBXSourcesBuildPhase section */
		42CFFECC1CAD9F3400D1BCC1 /* Sources */ = {
			isa = PBXSourcesBuildPhase;
			buildActionMask = 2147483647;
			files = (
				42CFFEE01CAD9F3400D1BCC1 /* GameViewController.m in Sources */,
				42CFFED81CAD9F3400D1BCC1 /* AppDelegate.m in Sources */,
				42CFFEDB1CAD9F3400D1BCC1 /* GameScene.m in Sources */,
				42CFFED51CAD9F3400D1BCC1 /* main.m in Sources */,
			);
			runOnlyForDeploymentPostprocessing = 0;
		};
/* End PBXSourcesBuildPhase section */

/* Begin PBXVariantGroup section */
		42CFFEE11CAD9F3400D1BCC1 /* Main.storyboard */ = {
			isa = PBXVariantGroup;
			children = (
				42CFFEE21CAD9F3400D1BCC1 /* Base */,
			);
			name = Main.storyboard;
			sourceTree = "<group>";
		};
		42CFFEE61CAD9F3400D1BCC1 /* LaunchScreen.storyboard */ = {
			isa = PBXVariantGroup;
			children = (
				42CFFEE71CAD9F3400D1BCC1 /* Base */,
			);
			name = LaunchScreen.storyboard;
			sourceTree = "<group>";
		};
/* End PBXVariantGroup section */

/* Begin XCBuildConfiguration section */
		42CFFEEA1CAD9F3400D1BCC1 /* Debug */ = {
			isa = XCBuildConfiguration;
			buildSettings = {
				ALWAYS_SEARCH_USER_PATHS = NO;
				CLANG_ANALYZER_NONNULL = YES;
				CLANG_CXX_LANGUAGE_STANDARD = "gnu++0x";
				CLANG_CXX_LIBRARY = "libc++";
				CLANG_ENABLE_MODULES = YES;
				CLANG_ENABLE_OBJC_ARC = YES;
				CLANG_WARN_BOOL_CONVERSION = YES;
				CLANG_WARN_CONSTANT_CONVERSION = YES;
				CLANG_WARN_DIRECT_OBJC_ISA_USAGE = YES_ERROR;
				CLANG_WARN_EMPTY_BODY = YES;
				CLANG_WARN_ENUM_CONVERSION = YES;
				CLANG_WARN_INT_CONVERSION = YES;
				CLANG_WARN_OBJC_ROOT_CLASS = YES_ERROR;
				CLANG_WARN_UNREACHABLE_CODE = YES;
				CLANG_WARN__DUPLICATE_METHOD_MATCH = YES;
				"CODE_SIGN_IDENTITY[sdk=iphoneos*]" = "iPhone Developer";
				COPY_PHASE_STRIP = NO;
				DEBUG_INFORMATION_FORMAT = "dwarf-with-dsym";
				ENABLE_STRICT_OBJC_MSGSEND = YES;
				ENABLE_TESTABILITY = YES;
				GCC_C_LANGUAGE_STANDARD = gnu99;
				GCC_DYNAMIC_NO_PIC = NO;
				GCC_NO_COMMON_BLOCKS = YES;
				GCC_OPTIMIZATION_LEVEL = 0;
				GCC_PREPROCESSOR_DEFINITIONS = (
					"DEBUG=1",
					"$(inherited)",
				);
				GCC_WARN_64_TO_32_BIT_CONVERSION = YES;
				GCC_WARN_ABOUT_RETURN_TYPE = YES_ERROR;
				GCC_WARN_UNDECLARED_SELECTOR = YES;
				GCC_WARN_UNINITIALIZED_AUTOS = YES_AGGRESSIVE;
				GCC_WARN_UNUSED_FUNCTION = YES;
				GCC_WARN_UNUSED_VARIABLE = YES;
				IPHONEOS_DEPLOYMENT_TARGET = 9.3;
				MTL_ENABLE_DEBUG_INFO = YES;
				ONLY_ACTIVE_ARCH = YES;
				SDKROOT = iphoneos;
				TARGETED_DEVICE_FAMILY = "1,2";
			};
			name = Debug;
		};
		42CFFEEB1CAD9F3400D1BCC1 /* Release */ = {
			isa = XCBuildConfiguration;
			buildSettings = {
				ALWAYS_SEARCH_USER_PATHS = NO;
				CLANG_ANALYZER_NONNULL = YES;
				CLANG_CXX_LANGUAGE_STANDARD = "gnu++0x";
				CLANG_CXX_LIBRARY = "libc++";
				CLANG_ENABLE_MODULES = YES;
				CLANG_ENABLE_OBJC_ARC = YES;
				CLANG_WARN_BOOL_CONVERSION = YES;
				CLANG_WARN_CONSTANT_CONVERSION = YES;
				CLANG_WARN_DIRECT_OBJC_ISA_USAGE = YES_ERROR;
				CLANG_WARN_EMPTY_BODY = YES;
				CLANG_WARN_ENUM_CONVERSION = YES;
				CLANG_WARN_INT_CONVERSION = YES;
				CLANG_WARN_OBJC_ROOT_CLASS = YES_ERROR;
				CLANG_WARN_UNREACHABLE_CODE = YES;
				CLANG_WARN__DUPLICATE_METHOD_MATCH = YES;
				"CODE_SIGN_IDENTITY[sdk=iphoneos*]" = "iPhone Developer";
				COPY_PHASE_STRIP = NO;
				DEBUG_INFORMATION_FORMAT = "dwarf-with-dsym";
				ENABLE_NS_ASSERTIONS = NO;
				ENABLE_STRICT_OBJC_MSGSEND = YES;
				GCC_C_LANGUAGE_STANDARD = gnu99;
				GCC_NO_COMMON_BLOCKS = YES;
				GCC_WARN_64_TO_32_BIT_CONVERSION = YES;
				GCC_WARN_ABOUT_RETURN_TYPE = YES_ERROR;
				GCC_WARN_UNDECLARED_SELECTOR = YES;
				GCC_WARN_UNINITIALIZED_AUTOS = YES_AGGRESSIVE;
				GCC_WARN_UNUSED_FUNCTION = YES;
				GCC_WARN_UNUSED_VARIABLE = YES;
				IPHONEOS_DEPLOYMENT_TARGET = 9.3;
				MTL_ENABLE_DEBUG_INFO = NO;
				SDKROOT = iphoneos;
				TARGETED_DEVICE_FAMILY = "1,2";
				VALIDATE_PRODUCT = YES;
			};
			name = Release;
		};
		42CFFEED1CAD9F3400D1BCC1 /* Debug */ = {
			isa = XCBuildConfiguration;
			buildSettings = {
				ASSETCATALOG_COMPILER_APPICON_NAME = AppIcon;
				CODE_SIGN_IDENTITY = "iPhone Developer";
				INFOPLIST_FILE = PingPong/Info.plist;
				LD_RUNPATH_SEARCH_PATHS = "$(inherited) @executable_path/Frameworks";
				PRODUCT_BUNDLE_IDENTIFIER = com.omarfaruqe.PingPong;
				PRODUCT_NAME = "$(TARGET_NAME)";
				TARGETED_DEVICE_FAMILY = "1,2";
			};
			name = Debug;
		};
		42CFFEEE1CAD9F3400D1BCC1 /* Release */ = {
			isa = XCBuildConfiguration;
			buildSettings = {
				ASSETCATALOG_COMPILER_APPICON_NAME = AppIcon;
				CODE_SIGN_IDENTITY = "iPhone Developer";
				INFOPLIST_FILE = PingPong/Info.plist;
				LD_RUNPATH_SEARCH_PATHS = "$(inherited) @executable_path/Frameworks";
				PRODUCT_BUNDLE_IDENTIFIER = com.omarfaruqe.PingPong;
				PRODUCT_NAME = "$(TARGET_NAME)";
				TARGETED_DEVICE_FAMILY = "1,2";
			};
			name = Release;
		};
/* End XCBuildConfiguration section */

/* Begin XCConfigurationList section */
		42CFFECB1CAD9F3400D1BCC1 /* Build configuration list for PBXProject "PingPong" */ = {
			isa = XCConfigurationList;
			buildConfigurations = (
				42CFFEEA1CAD9F3400D1BCC1 /* Debug */,
				42CFFEEB1CAD9F3400D1BCC1 /* Release */,
			);
			defaultConfigurationIsVisible = 0;
			defaultConfigurationName = Release;
		};
		42CFFEEC1CAD9F3400D1BCC1 /* Build configuration list for PBXNativeTarget "PingPong" */ = {
			isa = XCConfigurationList;
			buildConfigurations = (
				42CFFEED1CAD9F3400D1BCC1 /* Debug */,
				42CFFEEE1CAD9F3400D1BCC1 /* Release */,
			);
			defaultConfigurationIsVisible = 0;
			defaultConfigurationName = Release;
		};
/* End XCConfigurationList section */
	};
	rootObject = 42CFFEC81CAD9F3400D1BCC1 /* Project object */;
}
